
Microsoft Visual Studio Solution File, Format Version 12.00
Project("{2150E333-8FDC-42A3-9474-1A3956D46DE8}") = "src", "src", "{7A940BDF-6BDB-42D0-B146-27AFB3678B27}"
EndProject
Project("{2150E333-8FDC-42A3-9474-1A3956D46DE8}") = "tests", "tests", "{85970BEE-5922-4D55-ACA7-F3F689D56485}"
EndProject
Project("{2150E333-8FDC-42A3-9474-1A3956D46DE8}") = "Gateway", "Gateway", "{D4002BDD-3D18-4240-8903-74C7A8901101}"
EndProject
Project("{2150E333-8FDC-42A3-9474-1A3956D46DE8}") = "Services", "Services", "{1D5214C2-66CB-4808-9A33-1DC25849ED88}"
EndProject
Project("{2150E333-8FDC-42A3-9474-1A3956D46DE8}") = "Gateway", "Gateway", "{84199CEA-E345-4819-95AF-20E07EFC3EE5}"
EndProject
Project("{2150E333-8FDC-42A3-9474-1A3956D46DE8}") = "Services", "Services", "{2EEB3A4D-AFB1-42AA-8DB0-6ECB692B16A8}"
EndProject
Project("{FAE04EC0-301F-11D3-BF4B-00C04F79EFBC}") = "Users.API", "src\Services\Users.API\Users.API.csproj", "{DAA3E46D-A400-4D4D-9702-7BB56065B865}"
EndProject
Project("{FAE04EC0-301F-11D3-BF4B-00C04F79EFBC}") = "Items.API", "src\Services\Items.API\Items.API.csproj", "{809F20C9-164C-4497-8195-2FAF85611A25}"
EndProject
Project("{FAE04EC0-301F-11D3-BF4B-00C04F79EFBC}") = "Movement.API", "src\Services\Movement.API\Movement.API.csproj", "{73754857-E9C7-46F9-A60C-3AC320574210}"
EndProject
Project("{FAE04EC0-301F-11D3-BF4B-00C04F79EFBC}") = "Reports.API", "src\Services\Reports.API\Reports.API.csproj", "{7B39599A-3041-455C-9E45-47169C476EBC}"
EndProject
Project("{FAE04EC0-301F-11D3-BF4B-00C04F79EFBC}") = "Users.API.Tests", "tests\Services\Users.API.Tests\Users.API.Tests.csproj", "{762E3EF9-438D-406F-90E5-E5CD5EC42D80}"
EndProject
Project("{FAE04EC0-301F-11D3-BF4B-00C04F79EFBC}") = "Items.API.Tests", "tests\Services\Items.API.Tests\Items.API.Tests.csproj", "{D6C47967-AA3E-4329-9A94-414D685DE6C8}"
EndProject
Project("{FAE04EC0-301F-11D3-BF4B-00C04F79EFBC}") = "Movement.API.Tests", "tests\Services\Movement.API.Tests\Movement.API.Tests.csproj", "{1ADE5F3F-A913-4525-921B-DBF50ED68071}"
EndProject
Project("{FAE04EC0-301F-11D3-BF4B-00C04F79EFBC}") = "Reports.API.Tests", "tests\Services\Reports.API.Tests\Reports.API.Tests.csproj", "{2143C45C-21E9-4E07-81F9-ABE11E0B75CF}"
EndProject
Project("{FAE04EC0-301F-11D3-BF4B-00C04F79EFBC}") = "Bridge.API", "src\Gateway\Bridge.API\Bridge.API.csproj", "{E2FD13FA-8D36-4CB5-AA53-7500810EDD8A}"
EndProject
Project("{FAE04EC0-301F-11D3-BF4B-00C04F79EFBC}") = "Bridge.API.Tests", "tests\Gateway\Bridge.API.Tests\Bridge.API.Tests.csproj", "{330B03DF-4061-48E2-9D70-DE76DAD4C09C}"
EndProject
Project("{2150E333-8FDC-42A3-9474-1A3956D46DE8}") = "Common", "Common", "{402C3B0E-7691-4A3A-8D5C-1344461EF03B}"
EndProject
Project("{FAE04EC0-301F-11D3-BF4B-00C04F79EFBC}") = "Shared", "src\Shared\Shared.csproj", "{1003CA81-FD6E-456C-ACCC-05D8007D2549}"
EndProject
Global
	GlobalSection(SolutionConfigurationPlatforms) = preSolution
		Debug|Any CPU = Debug|Any CPU
		Release|Any CPU = Release|Any CPU
	EndGlobalSection
	GlobalSection(NestedProjects) = preSolution
		{D4002BDD-3D18-4240-8903-74C7A8901101} = {7A940BDF-6BDB-42D0-B146-27AFB3678B27}
		{1D5214C2-66CB-4808-9A33-1DC25849ED88} = {7A940BDF-6BDB-42D0-B146-27AFB3678B27}
		{84199CEA-E345-4819-95AF-20E07EFC3EE5} = {85970BEE-5922-4D55-ACA7-F3F689D56485}
		{2EEB3A4D-AFB1-42AA-8DB0-6ECB692B16A8} = {85970BEE-5922-4D55-ACA7-F3F689D56485}
		{DAA3E46D-A400-4D4D-9702-7BB56065B865} = {1D5214C2-66CB-4808-9A33-1DC25849ED88}
		{809F20C9-164C-4497-8195-2FAF85611A25} = {1D5214C2-66CB-4808-9A33-1DC25849ED88}
		{73754857-E9C7-46F9-A60C-3AC320574210} = {1D5214C2-66CB-4808-9A33-1DC25849ED88}
		{7B39599A-3041-455C-9E45-47169C476EBC} = {1D5214C2-66CB-4808-9A33-1DC25849ED88}
		{762E3EF9-438D-406F-90E5-E5CD5EC42D80} = {2EEB3A4D-AFB1-42AA-8DB0-6ECB692B16A8}
		{D6C47967-AA3E-4329-9A94-414D685DE6C8} = {2EEB3A4D-AFB1-42AA-8DB0-6ECB692B16A8}
		{1ADE5F3F-A913-4525-921B-DBF50ED68071} = {2EEB3A4D-AFB1-42AA-8DB0-6ECB692B16A8}
		{2143C45C-21E9-4E07-81F9-ABE11E0B75CF} = {2EEB3A4D-AFB1-42AA-8DB0-6ECB692B16A8}
		{E2FD13FA-8D36-4CB5-AA53-7500810EDD8A} = {D4002BDD-3D18-4240-8903-74C7A8901101}
		{330B03DF-4061-48E2-9D70-DE76DAD4C09C} = {84199CEA-E345-4819-95AF-20E07EFC3EE5}
		{402C3B0E-7691-4A3A-8D5C-1344461EF03B} = {7A940BDF-6BDB-42D0-B146-27AFB3678B27}
		{1003CA81-FD6E-456C-ACCC-05D8007D2549} = {402C3B0E-7691-4A3A-8D5C-1344461EF03B}
	EndGlobalSection
	GlobalSection(ProjectConfigurationPlatforms) = postSolution
		{DAA3E46D-A400-4D4D-9702-7BB56065B865}.Debug|Any CPU.ActiveCfg = Debug|Any CPU
		{DAA3E46D-A400-4D4D-9702-7BB56065B865}.Debug|Any CPU.Build.0 = Debug|Any CPU
		{DAA3E46D-A400-4D4D-9702-7BB56065B865}.Release|Any CPU.ActiveCfg = Release|Any CPU
		{DAA3E46D-A400-4D4D-9702-7BB56065B865}.Release|Any CPU.Build.0 = Release|Any CPU
		{809F20C9-164C-4497-8195-2FAF85611A25}.Debug|Any CPU.ActiveCfg = Debug|Any CPU
		{809F20C9-164C-4497-8195-2FAF85611A25}.Debug|Any CPU.Build.0 = Debug|Any CPU
		{809F20C9-164C-4497-8195-2FAF85611A25}.Release|Any CPU.ActiveCfg = Release|Any CPU
		{809F20C9-164C-4497-8195-2FAF85611A25}.Release|Any CPU.Build.0 = Release|Any CPU
		{73754857-E9C7-46F9-A60C-3AC320574210}.Debug|Any CPU.ActiveCfg = Debug|Any CPU
		{73754857-E9C7-46F9-A60C-3AC320574210}.Debug|Any CPU.Build.0 = Debug|Any CPU
		{73754857-E9C7-46F9-A60C-3AC320574210}.Release|Any CPU.ActiveCfg = Release|Any CPU
		{73754857-E9C7-46F9-A60C-3AC320574210}.Release|Any CPU.Build.0 = Release|Any CPU
		{7B39599A-3041-455C-9E45-47169C476EBC}.Debug|Any CPU.ActiveCfg = Debug|Any CPU
		{7B39599A-3041-455C-9E45-47169C476EBC}.Debug|Any CPU.Build.0 = Debug|Any CPU
		{7B39599A-3041-455C-9E45-47169C476EBC}.Release|Any CPU.ActiveCfg = Release|Any CPU
		{7B39599A-3041-455C-9E45-47169C476EBC}.Release|Any CPU.Build.0 = Release|Any CPU
		{762E3EF9-438D-406F-90E5-E5CD5EC42D80}.Debug|Any CPU.ActiveCfg = Debug|Any CPU
		{762E3EF9-438D-406F-90E5-E5CD5EC42D80}.Debug|Any CPU.Build.0 = Debug|Any CPU
		{762E3EF9-438D-406F-90E5-E5CD5EC42D80}.Release|Any CPU.ActiveCfg = Release|Any CPU
		{762E3EF9-438D-406F-90E5-E5CD5EC42D80}.Release|Any CPU.Build.0 = Release|Any CPU
		{D6C47967-AA3E-4329-9A94-414D685DE6C8}.Debug|Any CPU.ActiveCfg = Debug|Any CPU
		{D6C47967-AA3E-4329-9A94-414D685DE6C8}.Debug|Any CPU.Build.0 = Debug|Any CPU
		{D6C47967-AA3E-4329-9A94-414D685DE6C8}.Release|Any CPU.ActiveCfg = Release|Any CPU
		{D6C47967-AA3E-4329-9A94-414D685DE6C8}.Release|Any CPU.Build.0 = Release|Any CPU
		{1ADE5F3F-A913-4525-921B-DBF50ED68071}.Debug|Any CPU.ActiveCfg = Debug|Any CPU
		{1ADE5F3F-A913-4525-921B-DBF50ED68071}.Debug|Any CPU.Build.0 = Debug|Any CPU
		{1ADE5F3F-A913-4525-921B-DBF50ED68071}.Release|Any CPU.ActiveCfg = Release|Any CPU
		{1ADE5F3F-A913-4525-921B-DBF50ED68071}.Release|Any CPU.Build.0 = Release|Any CPU
		{2143C45C-21E9-4E07-81F9-ABE11E0B75CF}.Debug|Any CPU.ActiveCfg = Debug|Any CPU
		{2143C45C-21E9-4E07-81F9-ABE11E0B75CF}.Debug|Any CPU.Build.0 = Debug|Any CPU
		{2143C45C-21E9-4E07-81F9-ABE11E0B75CF}.Release|Any CPU.ActiveCfg = Release|Any CPU
		{2143C45C-21E9-4E07-81F9-ABE11E0B75CF}.Release|Any CPU.Build.0 = Release|Any CPU
		{E2FD13FA-8D36-4CB5-AA53-7500810EDD8A}.Debug|Any CPU.ActiveCfg = Debug|Any CPU
		{E2FD13FA-8D36-4CB5-AA53-7500810EDD8A}.Debug|Any CPU.Build.0 = Debug|Any CPU
		{E2FD13FA-8D36-4CB5-AA53-7500810EDD8A}.Release|Any CPU.ActiveCfg = Release|Any CPU
		{E2FD13FA-8D36-4CB5-AA53-7500810EDD8A}.Release|Any CPU.Build.0 = Release|Any CPU
		{330B03DF-4061-48E2-9D70-DE76DAD4C09C}.Debug|Any CPU.ActiveCfg = Debug|Any CPU
		{330B03DF-4061-48E2-9D70-DE76DAD4C09C}.Debug|Any CPU.Build.0 = Debug|Any CPU
		{330B03DF-4061-48E2-9D70-DE76DAD4C09C}.Release|Any CPU.ActiveCfg = Release|Any CPU
		{330B03DF-4061-48E2-9D70-DE76DAD4C09C}.Release|Any CPU.Build.0 = Release|Any CPU
		{1003CA81-FD6E-456C-ACCC-05D8007D2549}.Debug|Any CPU.ActiveCfg = Debug|Any CPU
		{1003CA81-FD6E-456C-ACCC-05D8007D2549}.Debug|Any CPU.Build.0 = Debug|Any CPU
		{1003CA81-FD6E-456C-ACCC-05D8007D2549}.Release|Any CPU.ActiveCfg = Release|Any CPU
		{1003CA81-FD6E-456C-ACCC-05D8007D2549}.Release|Any CPU.Build.0 = Release|Any CPU
	EndGlobalSection
EndGlobal
